// !$*UTF8*$!
{
	archiveVersion = 1;
	classes = {
	};
	objectVersion = 50;
	objects = {

/* Begin PBXBuildFile section */
		DC1AFF6323C4A31C00B07723 /* VideoTableViewCell.swift in Sources */ = {isa = PBXBuildFile; fileRef = DC1AFF6123C4A31C00B07723 /* VideoTableViewCell.swift */; };
		DC1AFF6423C4A31C00B07723 /* VideoTableViewCell.xib in Resources */ = {isa = PBXBuildFile; fileRef = DC1AFF6223C4A31C00B07723 /* VideoTableViewCell.xib */; };
		DC76CD0223C5B07500F7AAA5 /* StartViewController.swift in Sources */ = {isa = PBXBuildFile; fileRef = DC76CD0123C5B07500F7AAA5 /* StartViewController.swift */; };
		DC76CD0423C5B0EC00F7AAA5 /* LoginViewController.swift in Sources */ = {isa = PBXBuildFile; fileRef = DC76CD0323C5B0EC00F7AAA5 /* LoginViewController.swift */; };
		DC7F374523BF64B600711935 /* bulletTrain.mp4 in Resources */ = {isa = PBXBuildFile; fileRef = DC7F374423BF64A000711935 /* bulletTrain.mp4 */; };
		DC7F374623BF64B600711935 /* monkey.mp4 in Resources */ = {isa = PBXBuildFile; fileRef = DC7F374223BF64A000711935 /* monkey.mp4 */; };
		DC7F374723BF64B600711935 /* newYorkFlip.mp4 in Resources */ = {isa = PBXBuildFile; fileRef = DC7F374323BF64A000711935 /* newYorkFlip.mp4 */; };
		DC7F374823BF64B600711935 /* shark.mp4 in Resources */ = {isa = PBXBuildFile; fileRef = DC7F374123BF64A000711935 /* shark.mp4 */; };
		DCC1B29723A3692A00CE9844 /* EatMoreVegetableViewController.swift in Sources */ = {isa = PBXBuildFile; fileRef = DCC1B29623A3692A00CE9844 /* EatMoreVegetableViewController.swift */; };
		DCC1B29923A3844200CE9844 /* EatMoreVegetableDetailsViewController.swift in Sources */ = {isa = PBXBuildFile; fileRef = DCC1B29823A3844200CE9844 /* EatMoreVegetableDetailsViewController.swift */; };
		DCC1B29B23A3CD8F00CE9844 /* AutoCountHelper.swift in Sources */ = {isa = PBXBuildFile; fileRef = DCC1B29A23A3CD8F00CE9844 /* AutoCountHelper.swift */; };
		DCC5E43A23A27BC9007622AF /* AppDelegate.swift in Sources */ = {isa = PBXBuildFile; fileRef = DCC5E43923A27BC9007622AF /* AppDelegate.swift */; };
		DCC5E43C23A27BC9007622AF /* SceneDelegate.swift in Sources */ = {isa = PBXBuildFile; fileRef = DCC5E43B23A27BC9007622AF /* SceneDelegate.swift */; };
		DCC5E43E23A27BC9007622AF /* ViewController.swift in Sources */ = {isa = PBXBuildFile; fileRef = DCC5E43D23A27BC9007622AF /* ViewController.swift */; };
		DCC5E44123A27BC9007622AF /* Main.storyboard in Resources */ = {isa = PBXBuildFile; fileRef = DCC5E43F23A27BC9007622AF /* Main.storyboard */; };
		DCC5E44423A27BC9007622AF /* EatMoreVegetable.xcdatamodeld in Sources */ = {isa = PBXBuildFile; fileRef = DCC5E44223A27BC9007622AF /* EatMoreVegetable.xcdatamodeld */; };
		DCC5E44623A27BCB007622AF /* Assets.xcassets in Resources */ = {isa = PBXBuildFile; fileRef = DCC5E44523A27BCB007622AF /* Assets.xcassets */; };
		DCC5E44923A27BCB007622AF /* LaunchScreen.storyboard in Resources */ = {isa = PBXBuildFile; fileRef = DCC5E44723A27BCB007622AF /* LaunchScreen.storyboard */; };
		DCD4E98F23AA5A2F00AC4ED7 /* EatMoreVegetableLocationViewController.swift in Sources */ = {isa = PBXBuildFile; fileRef = DCD4E98E23AA5A2F00AC4ED7 /* EatMoreVegetableLocationViewController.swift */; };
		DCEA4EC523B3389D00E981D5 /* RecipeVideoViewController.swift in Sources */ = {isa = PBXBuildFile; fileRef = DCEA4EC423B3389D00E981D5 /* RecipeVideoViewController.swift */; };
		DCEA4ECB23B33BAD00E981D5 /* RecipeVideoTableViewController.swift in Sources */ = {isa = PBXBuildFile; fileRef = DCEA4ECA23B33BAD00E981D5 /* RecipeVideoTableViewController.swift */; };
		DCF5408323B39C0600714543 /* CHRISTMAS RECIPE- Christmas Beef Wellington.mp4 in Resources */ = {isa = PBXBuildFile; fileRef = DCEA4EC823B33A9800E981D5 /* CHRISTMAS RECIPE- Christmas Beef Wellington.mp4 */; };
		DCF5408423B39C0600714543 /* CHRISTMAS RECIPE- Roasted Turkey With Lemon Parsley & Garlic - Gordon Ramsay.mp4 in Resources */ = {isa = PBXBuildFile; fileRef = DCEA4EC923B33A9800E981D5 /* CHRISTMAS RECIPE- Roasted Turkey With Lemon Parsley & Garlic - Gordon Ramsay.mp4 */; };
		DCF5408523B39C0600714543 /* Gordon Ramsay's Top 5 Chicken Recipes.mp4 in Resources */ = {isa = PBXBuildFile; fileRef = DCEA4EC723B33A9800E981D5 /* Gordon Ramsay's Top 5 Chicken Recipes.mp4 */; };
/* End PBXBuildFile section */

/* Begin PBXFileReference section */
		DC1AFF6123C4A31C00B07723 /* VideoTableViewCell.swift */ = {isa = PBXFileReference; lastKnownFileType = sourcecode.swift; path = VideoTableViewCell.swift; sourceTree = "<group>"; };
		DC1AFF6223C4A31C00B07723 /* VideoTableViewCell.xib */ = {isa = PBXFileReference; lastKnownFileType = file.xib; path = VideoTableViewCell.xib; sourceTree = "<group>"; };
		DC76CD0123C5B07500F7AAA5 /* StartViewController.swift */ = {isa = PBXFileReference; lastKnownFileType = sourcecode.swift; path = StartViewController.swift; sourceTree = "<group>"; };
		DC76CD0323C5B0EC00F7AAA5 /* LoginViewController.swift */ = {isa = PBXFileReference; lastKnownFileType = sourcecode.swift; path = LoginViewController.swift; sourceTree = "<group>"; };
		DC7F374123BF64A000711935 /* shark.mp4 */ = {isa = PBXFileReference; lastKnownFileType = file; path = shark.mp4; sourceTree = "<group>"; };
		DC7F374223BF64A000711935 /* monkey.mp4 */ = {isa = PBXFileReference; lastKnownFileType = file; path = monkey.mp4; sourceTree = "<group>"; };
		DC7F374323BF64A000711935 /* newYorkFlip.mp4 */ = {isa = PBXFileReference; lastKnownFileType = file; path = newYorkFlip.mp4; sourceTree = "<group>"; };
		DC7F374423BF64A000711935 /* bulletTrain.mp4 */ = {isa = PBXFileReference; lastKnownFileType = file; path = bulletTrain.mp4; sourceTree = "<group>"; };
		DCC1B29623A3692A00CE9844 /* EatMoreVegetableViewController.swift */ = {isa = PBXFileReference; lastKnownFileType = sourcecode.swift; path = EatMoreVegetableViewController.swift; sourceTree = "<group>"; };
		DCC1B29823A3844200CE9844 /* EatMoreVegetableDetailsViewController.swift */ = {isa = PBXFileReference; lastKnownFileType = sourcecode.swift; path = EatMoreVegetableDetailsViewController.swift; sourceTree = "<group>"; };
		DCC1B29A23A3CD8F00CE9844 /* AutoCountHelper.swift */ = {isa = PBXFileReference; lastKnownFileType = sourcecode.swift; path = AutoCountHelper.swift; sourceTree = "<group>"; };
		DCC5E43623A27BC9007622AF /* EatMoreVegetable.app */ = {isa = PBXFileReference; explicitFileType = wrapper.application; includeInIndex = 0; path = EatMoreVegetable.app; sourceTree = BUILT_PRODUCTS_DIR; };
		DCC5E43923A27BC9007622AF /* AppDelegate.swift */ = {isa = PBXFileReference; lastKnownFileType = sourcecode.swift; path = AppDelegate.swift; sourceTree = "<group>"; };
		DCC5E43B23A27BC9007622AF /* SceneDelegate.swift */ = {isa = PBXFileReference; lastKnownFileType = sourcecode.swift; path = SceneDelegate.swift; sourceTree = "<group>"; };
		DCC5E43D23A27BC9007622AF /* ViewController.swift */ = {isa = PBXFileReference; lastKnownFileType = sourcecode.swift; path = ViewController.swift; sourceTree = "<group>"; };
		DCC5E44023A27BC9007622AF /* Base */ = {isa = PBXFileReference; lastKnownFileType = file.storyboard; name = Base; path = Base.lproj/Main.storyboard; sourceTree = "<group>"; };
		DCC5E44323A27BC9007622AF /* EatMoreVegetable.xcdatamodel */ = {isa = PBXFileReference; lastKnownFileType = wrapper.xcdatamodel; path = EatMoreVegetable.xcdatamodel; sourceTree = "<group>"; };
		DCC5E44523A27BCB007622AF /* Assets.xcassets */ = {isa = PBXFileReference; lastKnownFileType = folder.assetcatalog; path = Assets.xcassets; sourceTree = "<group>"; };
		DCC5E44823A27BCB007622AF /* Base */ = {isa = PBXFileReference; lastKnownFileType = file.storyboard; name = Base; path = Base.lproj/LaunchScreen.storyboard; sourceTree = "<group>"; };
		DCC5E44A23A27BCB007622AF /* Info.plist */ = {isa = PBXFileReference; lastKnownFileType = text.plist.xml; path = Info.plist; sourceTree = "<group>"; };
		DCD4E98E23AA5A2F00AC4ED7 /* EatMoreVegetableLocationViewController.swift */ = {isa = PBXFileReference; lastKnownFileType = sourcecode.swift; path = EatMoreVegetableLocationViewController.swift; sourceTree = "<group>"; };
		DCEA4EC423B3389D00E981D5 /* RecipeVideoViewController.swift */ = {isa = PBXFileReference; lastKnownFileType = sourcecode.swift; path = RecipeVideoViewController.swift; sourceTree = "<group>"; };
		DCEA4EC723B33A9800E981D5 /* Gordon Ramsay's Top 5 Chicken Recipes.mp4 */ = {isa = PBXFileReference; lastKnownFileType = file; path = "Gordon Ramsay's Top 5 Chicken Recipes.mp4"; sourceTree = "<group>"; };
		DCEA4EC823B33A9800E981D5 /* CHRISTMAS RECIPE- Christmas Beef Wellington.mp4 */ = {isa = PBXFileReference; lastKnownFileType = file; path = "CHRISTMAS RECIPE- Christmas Beef Wellington.mp4"; sourceTree = "<group>"; };
		DCEA4EC923B33A9800E981D5 /* CHRISTMAS RECIPE- Roasted Turkey With Lemon Parsley & Garlic - Gordon Ramsay.mp4 */ = {isa = PBXFileReference; lastKnownFileType = file; path = "CHRISTMAS RECIPE- Roasted Turkey With Lemon Parsley & Garlic - Gordon Ramsay.mp4"; sourceTree = "<group>"; };
		DCEA4ECA23B33BAD00E981D5 /* RecipeVideoTableViewController.swift */ = {isa = PBXFileReference; lastKnownFileType = sourcecode.swift; path = RecipeVideoTableViewController.swift; sourceTree = "<group>"; };
/* End PBXFileReference section */

/* Begin PBXFrameworksBuildPhase section */
		DCC5E43323A27BC9007622AF /* Frameworks */ = {
			isa = PBXFrameworksBuildPhase;
			buildActionMask = 2147483647;
			files = (
			);
			runOnlyForDeploymentPostprocessing = 0;
		};
/* End PBXFrameworksBuildPhase section */

/* Begin PBXGroup section */
		DCC5E42D23A27BC9007622AF = {
			isa = PBXGroup;
			children = (
				DCC5E43823A27BC9007622AF /* EatMoreVegetable */,
				DCC5E43723A27BC9007622AF /* Products */,
			);
			sourceTree = "<group>";
		};
		DCC5E43723A27BC9007622AF /* Products */ = {
			isa = PBXGroup;
			children = (
				DCC5E43623A27BC9007622AF /* EatMoreVegetable.app */,
			);
			name = Products;
			sourceTree = "<group>";
		};
		DCC5E43823A27BC9007622AF /* EatMoreVegetable */ = {
			isa = PBXGroup;
			children = (
				DCEA4EC623B33A5E00E981D5 /* Local Videos */,
				DC1AFF6223C4A31C00B07723 /* VideoTableViewCell.xib */,
				DC1AFF6123C4A31C00B07723 /* VideoTableViewCell.swift */,
				DCC1B29623A3692A00CE9844 /* EatMoreVegetableViewController.swift */,
				DCC1B29823A3844200CE9844 /* EatMoreVegetableDetailsViewController.swift */,
				DCD4E98E23AA5A2F00AC4ED7 /* EatMoreVegetableLocationViewController.swift */,
				DCEA4ECA23B33BAD00E981D5 /* RecipeVideoTableViewController.swift */,
				DCEA4EC423B3389D00E981D5 /* RecipeVideoViewController.swift */,
				DC76CD0123C5B07500F7AAA5 /* StartViewController.swift */,
				DCC5E43923A27BC9007622AF /* AppDelegate.swift */,
				DCC5E43B23A27BC9007622AF /* SceneDelegate.swift */,
				DCC5E43D23A27BC9007622AF /* ViewController.swift */,
				DCC5E43F23A27BC9007622AF /* Main.storyboard */,
				DCC5E44523A27BCB007622AF /* Assets.xcassets */,
				DCC5E44723A27BCB007622AF /* LaunchScreen.storyboard */,
				DCC5E44A23A27BCB007622AF /* Info.plist */,
				DCC5E44223A27BC9007622AF /* EatMoreVegetable.xcdatamodeld */,
				DCC1B29A23A3CD8F00CE9844 /* AutoCountHelper.swift */,
				DC76CD0323C5B0EC00F7AAA5 /* LoginViewController.swift */,
			);
			path = EatMoreVegetable;
			sourceTree = "<group>";
		};
		DCEA4EC623B33A5E00E981D5 /* Local Videos */ = {
			isa = PBXGroup;
			children = (
				DC7F374423BF64A000711935 /* bulletTrain.mp4 */,
				DC7F374223BF64A000711935 /* monkey.mp4 */,
				DC7F374323BF64A000711935 /* newYorkFlip.mp4 */,
				DC7F374123BF64A000711935 /* shark.mp4 */,
				DCEA4EC823B33A9800E981D5 /* CHRISTMAS RECIPE- Christmas Beef Wellington.mp4 */,
				DCEA4EC923B33A9800E981D5 /* CHRISTMAS RECIPE- Roasted Turkey With Lemon Parsley & Garlic - Gordon Ramsay.mp4 */,
				DCEA4EC723B33A9800E981D5 /* Gordon Ramsay's Top 5 Chicken Recipes.mp4 */,
			);
			path = "Local Videos";
			sourceTree = "<group>";
		};
/* End PBXGroup section */

/* Begin PBXNativeTarget section */
		DCC5E43523A27BC9007622AF /* EatMoreVegetable */ = {
			isa = PBXNativeTarget;
			buildConfigurationList = DCC5E44D23A27BCB007622AF /* Build configuration list for PBXNativeTarget "EatMoreVegetable" */;
			buildPhases = (
				DCC5E43223A27BC9007622AF /* Sources */,
				DCC5E43323A27BC9007622AF /* Frameworks */,
				DCC5E43423A27BC9007622AF /* Resources */,
			);
			buildRules = (
			);
			dependencies = (
			);
			name = EatMoreVegetable;
			productName = EatMoreVegetable;
			productReference = DCC5E43623A27BC9007622AF /* EatMoreVegetable.app */;
			productType = "com.apple.product-type.application";
		};
/* End PBXNativeTarget section */

/* Begin PBXProject section */
		DCC5E42E23A27BC9007622AF /* Project object */ = {
			isa = PBXProject;
			attributes = {
				LastSwiftUpdateCheck = 1120;
				LastUpgradeCheck = 1120;
				ORGANIZATIONNAME = "Rapsodo Mobile 6";
				TargetAttributes = {
					DCC5E43523A27BC9007622AF = {
						CreatedOnToolsVersion = 11.2.1;
					};
				};
			};
			buildConfigurationList = DCC5E43123A27BC9007622AF /* Build configuration list for PBXProject "EatMoreVegetable" */;
			compatibilityVersion = "Xcode 9.3";
			developmentRegion = en;
			hasScannedForEncodings = 0;
			knownRegions = (
				en,
				Base,
			);
			mainGroup = DCC5E42D23A27BC9007622AF;
			productRefGroup = DCC5E43723A27BC9007622AF /* Products */;
			projectDirPath = "";
			projectRoot = "";
			targets = (
				DCC5E43523A27BC9007622AF /* EatMoreVegetable */,
			);
		};
/* End PBXProject section */

/* Begin PBXResourcesBuildPhase section */
		DCC5E43423A27BC9007622AF /* Resources */ = {
			isa = PBXResourcesBuildPhase;
			buildActionMask = 2147483647;
			files = (
				DC7F374523BF64B600711935 /* bulletTrain.mp4 in Resources */,
				DC7F374623BF64B600711935 /* monkey.mp4 in Resources */,
				DC7F374723BF64B600711935 /* newYorkFlip.mp4 in Resources */,
				DC7F374823BF64B600711935 /* shark.mp4 in Resources */,
				DCF5408323B39C0600714543 /* CHRISTMAS RECIPE- Christmas Beef Wellington.mp4 in Resources */,
				DCF5408423B39C0600714543 /* CHRISTMAS RECIPE- Roasted Turkey With Lemon Parsley & Garlic - Gordon Ramsay.mp4 in Resources */,
				DCF5408523B39C0600714543 /* Gordon Ramsay's Top 5 Chicken Recipes.mp4 in Resources */,
				DC1AFF6423C4A31C00B07723 /* VideoTableViewCell.xib in Resources */,
				DCC5E44923A27BCB007622AF /* LaunchScreen.storyboard in Resources */,
				DCC5E44623A27BCB007622AF /* Assets.xcassets in Resources */,
				DCC5E44123A27BC9007622AF /* Main.storyboard in Resources */,
			);
			runOnlyForDeploymentPostprocessing = 0;
		};
/* End PBXResourcesBuildPhase section */

/* Begin PBXSourcesBuildPhase section */
		DCC5E43223A27BC9007622AF /* Sources */ = {
			isa = PBXSourcesBuildPhase;
			buildActionMask = 2147483647;
			files = (
				DCC5E43E23A27BC9007622AF /* ViewController.swift in Sources */,
				DCC1B29923A3844200CE9844 /* EatMoreVegetableDetailsViewController.swift in Sources */,
				DCC5E44423A27BC9007622AF /* EatMoreVegetable.xcdatamodeld in Sources */,
				DC1AFF6323C4A31C00B07723 /* VideoTableViewCell.swift in Sources */,
				DCEA4EC523B3389D00E981D5 /* RecipeVideoViewController.swift in Sources */,
				DC76CD0223C5B07500F7AAA5 /* StartViewController.swift in Sources */,
				DCD4E98F23AA5A2F00AC4ED7 /* EatMoreVegetableLocationViewController.swift in Sources */,
				DCC5E43A23A27BC9007622AF /* AppDelegate.swift in Sources */,
				DCC5E43C23A27BC9007622AF /* SceneDelegate.swift in Sources */,
				DCC1B29B23A3CD8F00CE9844 /* AutoCountHelper.swift in Sources */,
				DCC1B29723A3692A00CE9844 /* EatMoreVegetableViewController.swift in Sources */,
				DC76CD0423C5B0EC00F7AAA5 /* LoginViewController.swift in Sources */,
				DCEA4ECB23B33BAD00E981D5 /* RecipeVideoTableViewController.swift in Sources */,
			);
			runOnlyForDeploymentPostprocessing = 0;
		};
/* End PBXSourcesBuildPhase section */

/* Begin PBXVariantGroup section */
		DCC5E43F23A27BC9007622AF /* Main.storyboard */ = {
			isa = PBXVariantGroup;
			children = (
				DCC5E44023A27BC9007622AF /* Base */,
			);
			name = Main.storyboard;
			sourceTree = "<group>";
		};
		DCC5E44723A27BCB007622AF /* LaunchScreen.storyboard */ = {
			isa = PBXVariantGroup;
			children = (
				DCC5E44823A27BCB007622AF /* Base */,
			);
			name = LaunchScreen.storyboard;
			sourceTree = "<group>";
		};
/* End PBXVariantGroup section */

/* Begin XCBuildConfiguration section */
		DCC5E44B23A27BCB007622AF /* Debug */ = {
			isa = XCBuildConfiguration;
			buildSettings = {
				ALWAYS_SEARCH_USER_PATHS = NO;
				CLANG_ANALYZER_NONNULL = YES;
				CLANG_ANALYZER_NUMBER_OBJECT_CONVERSION = YES_AGGRESSIVE;
				CLANG_CXX_LANGUAGE_STANDARD = "gnu++14";
				CLANG_CXX_LIBRARY = "libc++";
				CLANG_ENABLE_MODULES = YES;
				CLANG_ENABLE_OBJC_ARC = YES;
				CLANG_ENABLE_OBJC_WEAK = YES;
				CLANG_WARN_BLOCK_CAPTURE_AUTORELEASING = YES;
				CLANG_WARN_BOOL_CONVERSION = YES;
				CLANG_WARN_COMMA = YES;
				CLANG_WARN_CONSTANT_CONVERSION = YES;
				CLANG_WARN_DEPRECATED_OBJC_IMPLEMENTATIONS = YES;
				CLANG_WARN_DIRECT_OBJC_ISA_USAGE = YES_ERROR;
				CLANG_WARN_DOCUMENTATION_COMMENTS = YES;
				CLANG_WARN_EMPTY_BODY = YES;
				CLANG_WARN_ENUM_CONVERSION = YES;
				CLANG_WARN_INFINITE_RECURSION = YES;
				CLANG_WARN_INT_CONVERSION = YES;
				CLANG_WARN_NON_LITERAL_NULL_CONVERSION = YES;
				CLANG_WARN_OBJC_IMPLICIT_RETAIN_SELF = YES;
				CLANG_WARN_OBJC_LITERAL_CONVERSION = YES;
				CLANG_WARN_OBJC_ROOT_CLASS = YES_ERROR;
				CLANG_WARN_RANGE_LOOP_ANALYSIS = YES;
				CLANG_WARN_STRICT_PROTOTYPES = YES;
				CLANG_WARN_SUSPICIOUS_MOVE = YES;
				CLANG_WARN_UNGUARDED_AVAILABILITY = YES_AGGRESSIVE;
				CLANG_WARN_UNREACHABLE_CODE = YES;
				CLANG_WARN__DUPLICATE_METHOD_MATCH = YES;
				COPY_PHASE_STRIP = NO;
				DEBUG_INFORMATION_FORMAT = dwarf;
				ENABLE_STRICT_OBJC_MSGSEND = YES;
				ENABLE_TESTABILITY = YES;
				GCC_C_LANGUAGE_STANDARD = gnu11;
				GCC_DYNAMIC_NO_PIC = NO;
				GCC_NO_COMMON_BLOCKS = YES;
				GCC_OPTIMIZATION_LEVEL = 0;
				GCC_PREPROCESSOR_DEFINITIONS = (
					"DEBUG=1",
					"$(inherited)",
				);
				GCC_WARN_64_TO_32_BIT_CONVERSION = YES;
				GCC_WARN_ABOUT_RETURN_TYPE = YES_ERROR;
				GCC_WARN_UNDECLARED_SELECTOR = YES;
				GCC_WARN_UNINITIALIZED_AUTOS = YES_AGGRESSIVE;
				GCC_WARN_UNUSED_FUNCTION = YES;
				GCC_WARN_UNUSED_VARIABLE = YES;
				IPHONEOS_DEPLOYMENT_TARGET = 13.2;
				MTL_ENABLE_DEBUG_INFO = INCLUDE_SOURCE;
				MTL_FAST_MATH = YES;
				ONLY_ACTIVE_ARCH = YES;
				SDKROOT = iphoneos;
				SWIFT_ACTIVE_COMPILATION_CONDITIONS = DEBUG;
				SWIFT_OPTIMIZATION_LEVEL = "-Onone";
			};
			name = Debug;
		};
		DCC5E44C23A27BCB007622AF /* Release */ = {
			isa = XCBuildConfiguration;
			buildSettings = {
				ALWAYS_SEARCH_USER_PATHS = NO;
				CLANG_ANALYZER_NONNULL = YES;
				CLANG_ANALYZER_NUMBER_OBJECT_CONVERSION = YES_AGGRESSIVE;
				CLANG_CXX_LANGUAGE_STANDARD = "gnu++14";
				CLANG_CXX_LIBRARY = "libc++";
				CLANG_ENABLE_MODULES = YES;
				CLANG_ENABLE_OBJC_ARC = YES;
				CLANG_ENABLE_OBJC_WEAK = YES;
				CLANG_WARN_BLOCK_CAPTURE_AUTORELEASING = YES;
				CLANG_WARN_BOOL_CONVERSION = YES;
				CLANG_WARN_COMMA = YES;
				CLANG_WARN_CONSTANT_CONVERSION = YES;
				CLANG_WARN_DEPRECATED_OBJC_IMPLEMENTATIONS = YES;
				CLANG_WARN_DIRECT_OBJC_ISA_USAGE = YES_ERROR;
				CLANG_WARN_DOCUMENTATION_COMMENTS = YES;
				CLANG_WARN_EMPTY_BODY = YES;
				CLANG_WARN_ENUM_CONVERSION = YES;
				CLANG_WARN_INFINITE_RECURSION = YES;
				CLANG_WARN_INT_CONVERSION = YES;
				CLANG_WARN_NON_LITERAL_NULL_CONVERSION = YES;
				CLANG_WARN_OBJC_IMPLICIT_RETAIN_SELF = YES;
				CLANG_WARN_OBJC_LITERAL_CONVERSION = YES;
				CLANG_WARN_OBJC_ROOT_CLASS = YES_ERROR;
				CLANG_WARN_RANGE_LOOP_ANALYSIS = YES;
				CLANG_WARN_STRICT_PROTOTYPES = YES;
				CLANG_WARN_SUSPICIOUS_MOVE = YES;
				CLANG_WARN_UNGUARDED_AVAILABILITY = YES_AGGRESSIVE;
				CLANG_WARN_UNREACHABLE_CODE = YES;
				CLANG_WARN__DUPLICATE_METHOD_MATCH = YES;
				COPY_PHASE_STRIP = NO;
				DEBUG_INFORMATION_FORMAT = "dwarf-with-dsym";
				ENABLE_NS_ASSERTIONS = NO;
				ENABLE_STRICT_OBJC_MSGSEND = YES;
				GCC_C_LANGUAGE_STANDARD = gnu11;
				GCC_NO_COMMON_BLOCKS = YES;
				GCC_WARN_64_TO_32_BIT_CONVERSION = YES;
				GCC_WARN_ABOUT_RETURN_TYPE = YES_ERROR;
				GCC_WARN_UNDECLARED_SELECTOR = YES;
				GCC_WARN_UNINITIALIZED_AUTOS = YES_AGGRESSIVE;
				GCC_WARN_UNUSED_FUNCTION = YES;
				GCC_WARN_UNUSED_VARIABLE = YES;
				IPHONEOS_DEPLOYMENT_TARGET = 13.2;
				MTL_ENABLE_DEBUG_INFO = NO;
				MTL_FAST_MATH = YES;
				SDKROOT = iphoneos;
				SWIFT_COMPILATION_MODE = wholemodule;
				SWIFT_OPTIMIZATION_LEVEL = "-O";
				VALIDATE_PRODUCT = YES;
			};
			name = Release;
		};
		DCC5E44E23A27BCB007622AF /* Debug */ = {
			isa = XCBuildConfiguration;
			buildSettings = {
				ASSETCATALOG_COMPILER_APPICON_NAME = AppIcon;
				CODE_SIGN_STYLE = Automatic;
				DEVELOPMENT_TEAM = PJ9SW5348L;
				INFOPLIST_FILE = EatMoreVegetable/Info.plist;
				IPHONEOS_DEPLOYMENT_TARGET = 13.0;
				LD_RUNPATH_SEARCH_PATHS = (
					"$(inherited)",
					"@executable_path/Frameworks",
				);
				PRODUCT_BUNDLE_IDENTIFIER = bugrahan.EatMoreVegetable;
				PRODUCT_NAME = EatMoreVegetable;
				SWIFT_VERSION = 5.0;
				TARGETED_DEVICE_FAMILY = "1,2";
			};
			name = Debug;
		};
		DCC5E44F23A27BCB007622AF /* Release */ = {
			isa = XCBuildConfiguration;
			buildSettings = {
				ASSETCATALOG_COMPILER_APPICON_NAME = AppIcon;
				CODE_SIGN_STYLE = Automatic;
				DEVELOPMENT_TEAM = PJ9SW5348L;
				INFOPLIST_FILE = EatMoreVegetable/Info.plist;
				IPHONEOS_DEPLOYMENT_TARGET = 13.0;
				LD_RUNPATH_SEARCH_PATHS = (
					"$(inherited)",
					"@executable_path/Frameworks",
				);
				PRODUCT_BUNDLE_IDENTIFIER = bugrahan.EatMoreVegetable;
				PRODUCT_NAME = EatMoreVegetable;
				SWIFT_VERSION = 5.0;
				TARGETED_DEVICE_FAMILY = "1,2";
			};
			name = Release;
		};
/* End XCBuildConfiguration section */

/* Begin XCConfigurationList section */
		DCC5E43123A27BC9007622AF /* Build configuration list for PBXProject "EatMoreVegetable" */ = {
			isa = XCConfigurationList;
			buildConfigurations = (
				DCC5E44B23A27BCB007622AF /* Debug */,
				DCC5E44C23A27BCB007622AF /* Release */,
			);
			defaultConfigurationIsVisible = 0;
			defaultConfigurationName = Release;
		};
		DCC5E44D23A27BCB007622AF /* Build configuration list for PBXNativeTarget "EatMoreVegetable" */ = {
			isa = XCConfigurationList;
			buildConfigurations = (
				DCC5E44E23A27BCB007622AF /* Debug */,
				DCC5E44F23A27BCB007622AF /* Release */,
			);
			defaultConfigurationIsVisible = 0;
			defaultConfigurationName = Release;
		};
/* End XCConfigurationList section */

/* Begin XCVersionGroup section */
		DCC5E44223A27BC9007622AF /* EatMoreVegetable.xcdatamodeld */ = {
			isa = XCVersionGroup;
			children = (
				DCC5E44323A27BC9007622AF /* EatMoreVegetable.xcdatamodel */,
			);
			currentVersion = DCC5E44323A27BC9007622AF /* EatMoreVegetable.xcdatamodel */;
			path = EatMoreVegetable.xcdatamodeld;
			sourceTree = "<group>";
			versionGroupType = wrapper.xcdatamodel;
		};
/* End XCVersionGroup section */
	};
	rootObject = DCC5E42E23A27BC9007622AF /* Project object */;
}
